
Microsoft Visual Studio Solution File, Format Version 12.00
# Visual Studio Version 16
VisualStudioVersion = 16.0.31729.503
MinimumVisualStudioVersion = 10.0.40219.1
Project("{FAE04EC0-301F-11D3-BF4B-00C04F79EFBC}") = "CUO.Training.Api", "CUO.Training.Api\CUO.Training.Api.csproj", "{AC059EF1-C35B-417F-B15A-86C7FF43852D}"
EndProject
Project("{FAE04EC0-301F-11D3-BF4B-00C04F79EFBC}") = "CUO.Training.Api.Tests", "CUO.Training.Api.Tests\CUO.Training.Api.Tests.csproj", "{346879BC-6BCD-424E-87F7-966C28DA7C7C}"
EndProject
Project("{2150E333-8FDC-42A3-9474-1A3956D46DE8}") = "UnitTests", "UnitTests", "{467765EB-9EC1-44BD-9C56-DE8270917CEC}"
EndProject
Project("{FAE04EC0-301F-11D3-BF4B-00C04F79EFBC}") = "CUO.Training.Web", "CUO.Training.Web\CUO.Training.Web.csproj", "{C9D83CE9-60D8-4AA5-9B2A-75DB945E7C63}"
EndProject
Project("{FAE04EC0-301F-11D3-BF4B-00C04F79EFBC}") = "CUO.Training.Web.Tests", "CUO.Training.Web.Tests\CUO.Training.Web.Tests.csproj", "{A7930E82-BC71-4474-B21C-92DD572BF1F4}"
EndProject
Global
	GlobalSection(SolutionConfigurationPlatforms) = preSolution
		Debug|Any CPU = Debug|Any CPU
		Release|Any CPU = Release|Any CPU
	EndGlobalSection
	GlobalSection(ProjectConfigurationPlatforms) = postSolution
		{AC059EF1-C35B-417F-B15A-86C7FF43852D}.Debug|Any CPU.ActiveCfg = Debug|Any CPU
		{AC059EF1-C35B-417F-B15A-86C7FF43852D}.Debug|Any CPU.Build.0 = Debug|Any CPU
		{AC059EF1-C35B-417F-B15A-86C7FF43852D}.Release|Any CPU.ActiveCfg = Release|Any CPU
		{AC059EF1-C35B-417F-B15A-86C7FF43852D}.Release|Any CPU.Build.0 = Release|Any CPU
		{346879BC-6BCD-424E-87F7-966C28DA7C7C}.Debug|Any CPU.ActiveCfg = Debug|Any CPU
		{346879BC-6BCD-424E-87F7-966C28DA7C7C}.Debug|Any CPU.Build.0 = Debug|Any CPU
		{346879BC-6BCD-424E-87F7-966C28DA7C7C}.Release|Any CPU.ActiveCfg = Release|Any CPU
		{346879BC-6BCD-424E-87F7-966C28DA7C7C}.Release|Any CPU.Build.0 = Release|Any CPU
		{C9D83CE9-60D8-4AA5-9B2A-75DB945E7C63}.Debug|Any CPU.ActiveCfg = Debug|Any CPU
		{C9D83CE9-60D8-4AA5-9B2A-75DB945E7C63}.Debug|Any CPU.Build.0 = Debug|Any CPU
		{C9D83CE9-60D8-4AA5-9B2A-75DB945E7C63}.Release|Any CPU.ActiveCfg = Release|Any CPU
		{C9D83CE9-60D8-4AA5-9B2A-75DB945E7C63}.Release|Any CPU.Build.0 = Release|Any CPU
		{A7930E82-BC71-4474-B21C-92DD572BF1F4}.Debug|Any CPU.ActiveCfg = Debug|Any CPU
		{A7930E82-BC71-4474-B21C-92DD572BF1F4}.Debug|Any CPU.Build.0 = Debug|Any CPU
		{A7930E82-BC71-4474-B21C-92DD572BF1F4}.Release|Any CPU.ActiveCfg = Release|Any CPU
		{A7930E82-BC71-4474-B21C-92DD572BF1F4}.Release|Any CPU.Build.0 = Release|Any CPU
	EndGlobalSection
	GlobalSection(SolutionProperties) = preSolution
		HideSolutionNode = FALSE
	EndGlobalSection
	GlobalSection(NestedProjects) = preSolution
		{346879BC-6BCD-424E-87F7-966C28DA7C7C} = {467765EB-9EC1-44BD-9C56-DE8270917CEC}
		{A7930E82-BC71-4474-B21C-92DD572BF1F4} = {467765EB-9EC1-44BD-9C56-DE8270917CEC}
	EndGlobalSection
	GlobalSection(ExtensibilityGlobals) = postSolution
		SolutionGuid = {F2329A62-C773-49A2-B617-52D21622BFCF}
	EndGlobalSection
EndGlobal
